
Microsoft Visual Studio Solution File, Format Version 12.00
# Visual Studio Version 17
VisualStudioVersion = 17.3.32819.101
MinimumVisualStudioVersion = 10.0.40219.1
Project("{2150E333-8FDC-42A3-9474-1A3956D46DE8}") = "OpenGLESApp2", "OpenGLESApp2", "{653EDC2E-7D4F-455B-88F4-148E091CB287}"
EndProject
Project("{39E2626F-3545-4960-A6E8-258AD8476CE5}") = "OpenGLESApp2.Android.Packaging", "OpenGLESApp2\OpenGLESApp2.Android.Packaging\OpenGLESApp2.Android.Packaging.androidproj", "{6CC6688B-DDEF-4238-9CB2-81A8ABBF2187}"
EndProject
Project("{8BC9CEB8-8B4A-11D0-8D11-00A0C91BC942}") = "OpenGLESApp2.iOS.Application", "OpenGLESApp2\OpenGLESApp2.iOS.Application\OpenGLESApp2.iOS.Application.xcodeproj\project.pbxproj", "{9C983EF0-570A-46CB-815A-782257DB3EFD}"
EndProject
Project("{2150E333-8FDC-42A3-9474-1A3956D46DE8}") = "Libraries", "Libraries", "{A19125A9-DA0C-47F3-871E-268E77693D57}"
EndProject
Project("{8BC9CEB8-8B4A-11D0-8D11-00A0C91BC942}") = "OpenGLESApp2.Shared", "OpenGLESApp2\OpenGLESApp2.Shared\OpenGLESApp2.Shared.vcxitems", "{FF2EB1DB-54B5-4E91-AAE1-D53AECFC60DF}"
EndProject
Project("{8BC9CEB8-8B4A-11D0-8D11-00A0C91BC942}") = "OpenGLESApp2.Android.NativeActivity", "OpenGLESApp2\OpenGLESApp2.Android.NativeActivity\OpenGLESApp2.Android.NativeActivity.vcxproj", "{3936D3D7-FF8D-4DA3-97D1-1987B8D3C594}"
EndProject
Project("{8BC9CEB8-8B4A-11D0-8D11-00A0C91BC942}") = "OpenGLESApp2.iOS.StaticLibrary", "OpenGLESApp2\OpenGLESApp2.iOS.StaticLibrary\OpenGLESApp2.iOS.StaticLibrary.vcxproj", "{0D9716E7-1B69-4E20-8FB4-560AA731E14E}"
EndProject
Global
	GlobalSection(SolutionConfigurationPlatforms) = preSolution
		Debug|ARM = Debug|ARM
		Debug|ARM64 = Debug|ARM64
		Debug|x64 = Debug|x64
		Debug|x86 = Debug|x86
		Release|ARM = Release|ARM
		Release|ARM64 = Release|ARM64
		Release|x64 = Release|x64
		Release|x86 = Release|x86
	EndGlobalSection
	GlobalSection(ProjectConfigurationPlatforms) = postSolution
		{6CC6688B-DDEF-4238-9CB2-81A8ABBF2187}.Debug|ARM.ActiveCfg = Debug|x86
		{6CC6688B-DDEF-4238-9CB2-81A8ABBF2187}.Debug|ARM.Build.0 = Debug|x86
		{6CC6688B-DDEF-4238-9CB2-81A8ABBF2187}.Debug|ARM.Deploy.0 = Debug|x86
		{6CC6688B-DDEF-4238-9CB2-81A8ABBF2187}.Debug|ARM64.ActiveCfg = Debug|ARM64
		{6CC6688B-DDEF-4238-9CB2-81A8ABBF2187}.Debug|ARM64.Build.0 = Debug|ARM64
		{6CC6688B-DDEF-4238-9CB2-81A8ABBF2187}.Debug|ARM64.Deploy.0 = Debug|ARM64
		{6CC6688B-DDEF-4238-9CB2-81A8ABBF2187}.Debug|x64.ActiveCfg = Debug|x64
		{6CC6688B-DDEF-4238-9CB2-81A8ABBF2187}.Debug|x64.Build.0 = Debug|x64
		{6CC6688B-DDEF-4238-9CB2-81A8ABBF2187}.Debug|x64.Deploy.0 = Debug|x64
		{6CC6688B-DDEF-4238-9CB2-81A8ABBF2187}.Debug|x86.ActiveCfg = Debug|x86
		{6CC6688B-DDEF-4238-9CB2-81A8ABBF2187}.Debug|x86.Build.0 = Debug|x86
		{6CC6688B-DDEF-4238-9CB2-81A8ABBF2187}.Debug|x86.Deploy.0 = Debug|x86
		{6CC6688B-DDEF-4238-9CB2-81A8ABBF2187}.Release|ARM.ActiveCfg = Release|ARM
		{6CC6688B-DDEF-4238-9CB2-81A8ABBF2187}.Release|ARM.Build.0 = Release|ARM
		{6CC6688B-DDEF-4238-9CB2-81A8ABBF2187}.Release|ARM.Deploy.0 = Release|ARM
		{6CC6688B-DDEF-4238-9CB2-81A8ABBF2187}.Release|ARM64.ActiveCfg = Release|ARM64
		{6CC6688B-DDEF-4238-9CB2-81A8ABBF2187}.Release|ARM64.Build.0 = Release|ARM64
		{6CC6688B-DDEF-4238-9CB2-81A8ABBF2187}.Release|ARM64.Deploy.0 = Release|ARM64
		{6CC6688B-DDEF-4238-9CB2-81A8ABBF2187}.Release|x64.ActiveCfg = Release|x64
		{6CC6688B-DDEF-4238-9CB2-81A8ABBF2187}.Release|x64.Build.0 = Release|x64
		{6CC6688B-DDEF-4238-9CB2-81A8ABBF2187}.Release|x64.Deploy.0 = Release|x64
		{6CC6688B-DDEF-4238-9CB2-81A8ABBF2187}.Release|x86.ActiveCfg = Release|x86
		{6CC6688B-DDEF-4238-9CB2-81A8ABBF2187}.Release|x86.Build.0 = Release|x86
		{6CC6688B-DDEF-4238-9CB2-81A8ABBF2187}.Release|x86.Deploy.0 = Release|x86
		{9C983EF0-570A-46CB-815A-782257DB3EFD}.Debug|ARM.ActiveCfg = Debug|x86
		{9C983EF0-570A-46CB-815A-782257DB3EFD}.Debug|ARM.Build.0 = Debug|x86
		{9C983EF0-570A-46CB-815A-782257DB3EFD}.Debug|ARM.Deploy.0 = Debug|x86
		{9C983EF0-570A-46CB-815A-782257DB3EFD}.Debug|ARM64.ActiveCfg = Debug|ARM64
		{9C983EF0-570A-46CB-815A-782257DB3EFD}.Debug|ARM64.Build.0 = Debug|ARM64
		{9C983EF0-570A-46CB-815A-782257DB3EFD}.Debug|ARM64.Deploy.0 = Debug|ARM64
		{9C983EF0-570A-46CB-815A-782257DB3EFD}.Debug|x64.ActiveCfg = Debug|x64
		{9C983EF0-570A-46CB-815A-782257DB3EFD}.Debug|x64.Build.0 = Debug|x64
		{9C983EF0-570A-46CB-815A-782257DB3EFD}.Debug|x64.Deploy.0 = Debug|x64
		{9C983EF0-570A-46CB-815A-782257DB3EFD}.Debug|x86.ActiveCfg = Debug|x86
		{9C983EF0-570A-46CB-815A-782257DB3EFD}.Debug|x86.Build.0 = Debug|x86
		{9C983EF0-570A-46CB-815A-782257DB3EFD}.Debug|x86.Deploy.0 = Debug|x86
		{9C983EF0-570A-46CB-815A-782257DB3EFD}.Release|ARM.ActiveCfg = Release|ARM
		{9C983EF0-570A-46CB-815A-782257DB3EFD}.Release|ARM.Build.0 = Release|ARM
		{9C983EF0-570A-46CB-815A-782257DB3EFD}.Release|ARM.Deploy.0 = Release|ARM
		{9C983EF0-570A-46CB-815A-782257DB3EFD}.Release|ARM64.ActiveCfg = Release|ARM64
		{9C983EF0-570A-46CB-815A-782257DB3EFD}.Release|ARM64.Build.0 = Release|ARM64
		{9C983EF0-570A-46CB-815A-782257DB3EFD}.Release|ARM64.Deploy.0 = Release|ARM64
		{9C983EF0-570A-46CB-815A-782257DB3EFD}.Release|x64.ActiveCfg = Release|x64
		{9C983EF0-570A-46CB-815A-782257DB3EFD}.Release|x64.Build.0 = Release|x64
		{9C983EF0-570A-46CB-815A-782257DB3EFD}.Release|x64.Deploy.0 = Release|x64
		{9C983EF0-570A-46CB-815A-782257DB3EFD}.Release|x86.ActiveCfg = Release|x86
		{9C983EF0-570A-46CB-815A-782257DB3EFD}.Release|x86.Build.0 = Release|x86
		{9C983EF0-570A-46CB-815A-782257DB3EFD}.Release|x86.Deploy.0 = Release|x86
		{3936D3D7-FF8D-4DA3-97D1-1987B8D3C594}.Debug|ARM.ActiveCfg = Debug|x86
		{3936D3D7-FF8D-4DA3-97D1-1987B8D3C594}.Debug|ARM.Build.0 = Debug|x86
		{3936D3D7-FF8D-4DA3-97D1-1987B8D3C594}.Debug|ARM64.ActiveCfg = Debug|ARM64
		{3936D3D7-FF8D-4DA3-97D1-1987B8D3C594}.Debug|ARM64.Build.0 = Debug|ARM64
		{3936D3D7-FF8D-4DA3-97D1-1987B8D3C594}.Debug|x64.ActiveCfg = Debug|x64
		{3936D3D7-FF8D-4DA3-97D1-1987B8D3C594}.Debug|x64.Build.0 = Debug|x64
		{3936D3D7-FF8D-4DA3-97D1-1987B8D3C594}.Debug|x86.ActiveCfg = Debug|x86
		{3936D3D7-FF8D-4DA3-97D1-1987B8D3C594}.Debug|x86.Build.0 = Debug|x86
		{3936D3D7-FF8D-4DA3-97D1-1987B8D3C594}.Release|ARM.ActiveCfg = Release|ARM
		{3936D3D7-FF8D-4DA3-97D1-1987B8D3C594}.Release|ARM.Build.0 = Release|ARM
		{3936D3D7-FF8D-4DA3-97D1-1987B8D3C594}.Release|ARM64.ActiveCfg = Release|ARM64
		{3936D3D7-FF8D-4DA3-97D1-1987B8D3C594}.Release|ARM64.Build.0 = Release|ARM64
		{3936D3D7-FF8D-4DA3-97D1-1987B8D3C594}.Release|x64.ActiveCfg = Release|x64
		{3936D3D7-FF8D-4DA3-97D1-1987B8D3C594}.Release|x64.Build.0 = Release|x64
		{3936D3D7-FF8D-4DA3-97D1-1987B8D3C594}.Release|x86.ActiveCfg = Release|x86
		{3936D3D7-FF8D-4DA3-97D1-1987B8D3C594}.Release|x86.Build.0 = Release|x86
		{0D9716E7-1B69-4E20-8FB4-560AA731E14E}.Debug|ARM.ActiveCfg = Debug|x86
		{0D9716E7-1B69-4E20-8FB4-560AA731E14E}.Debug|ARM.Build.0 = Debug|x86
		{0D9716E7-1B69-4E20-8FB4-560AA731E14E}.Debug|ARM64.ActiveCfg = Debug|ARM64
		{0D9716E7-1B69-4E20-8FB4-560AA731E14E}.Debug|ARM64.Build.0 = Debug|ARM64
		{0D9716E7-1B69-4E20-8FB4-560AA731E14E}.Debug|x64.ActiveCfg = Debug|x64
		{0D9716E7-1B69-4E20-8FB4-560AA731E14E}.Debug|x64.Build.0 = Debug|x64
		{0D9716E7-1B69-4E20-8FB4-560AA731E14E}.Debug|x86.ActiveCfg = Debug|x86
		{0D9716E7-1B69-4E20-8FB4-560AA731E14E}.Debug|x86.Build.0 = Debug|x86
		{0D9716E7-1B69-4E20-8FB4-560AA731E14E}.Release|ARM.ActiveCfg = Release|ARM
		{0D9716E7-1B69-4E20-8FB4-560AA731E14E}.Release|ARM.Build.0 = Release|ARM
		{0D9716E7-1B69-4E20-8FB4-560AA731E14E}.Release|ARM64.ActiveCfg = Release|ARM64
		{0D9716E7-1B69-4E20-8FB4-560AA731E14E}.Release|ARM64.Build.0 = Release|ARM64
		{0D9716E7-1B69-4E20-8FB4-560AA731E14E}.Release|x64.ActiveCfg = Release|x64
		{0D9716E7-1B69-4E20-8FB4-560AA731E14E}.Release|x64.Build.0 = Release|x64
		{0D9716E7-1B69-4E20-8FB4-560AA731E14E}.Release|x86.ActiveCfg = Release|x86
		{0D9716E7-1B69-4E20-8FB4-560AA731E14E}.Release|x86.Build.0 = Release|x86
	EndGlobalSection
	GlobalSection(SolutionProperties) = preSolution
		HideSolutionNode = FALSE
	EndGlobalSection
	GlobalSection(NestedProjects) = preSolution
		{6CC6688B-DDEF-4238-9CB2-81A8ABBF2187} = {653EDC2E-7D4F-455B-88F4-148E091CB287}
		{9C983EF0-570A-46CB-815A-782257DB3EFD} = {653EDC2E-7D4F-455B-88F4-148E091CB287}
		{A19125A9-DA0C-47F3-871E-268E77693D57} = {653EDC2E-7D4F-455B-88F4-148E091CB287}
		{FF2EB1DB-54B5-4E91-AAE1-D53AECFC60DF} = {A19125A9-DA0C-47F3-871E-268E77693D57}
		{3936D3D7-FF8D-4DA3-97D1-1987B8D3C594} = {A19125A9-DA0C-47F3-871E-268E77693D57}
		{0D9716E7-1B69-4E20-8FB4-560AA731E14E} = {A19125A9-DA0C-47F3-871E-268E77693D57}
	EndGlobalSection
	GlobalSection(ExtensibilityGlobals) = postSolution
		SolutionGuid = {E384235B-CE70-4FCD-B6FE-E9DE11AFF7C3}
	EndGlobalSection
	GlobalSection(SharedMSBuildProjectFiles) = preSolution
		OpenGLESApp2\OpenGLESApp2.Shared\OpenGLESApp2.Shared.vcxitems*{0d9716e7-1b69-4e20-8fb4-560aa731e14e}*SharedItemsImports = 4
		OpenGLESApp2\OpenGLESApp2.Shared\OpenGLESApp2.Shared.vcxitems*{3936d3d7-ff8d-4da3-97d1-1987b8d3c594}*SharedItemsImports = 4
		OpenGLESApp2\OpenGLESApp2.Shared\OpenGLESApp2.Shared.vcxitems*{ff2eb1db-54b5-4e91-aae1-d53aecfc60df}*SharedItemsImports = 9
	EndGlobalSection
EndGlobal
